
Microsoft Visual Studio Solution File, Format Version 12.00
# Visual Studio Version 16
VisualStudioVersion = 16.0.29102.190
MinimumVisualStudioVersion = 10.0.40219.1
Project("{9A19103F-16F7-4668-BE54-9A1E7A4F7556}") = "Microsoft.Unity.Analyzers", "Microsoft.Unity.Analyzers\Microsoft.Unity.Analyzers.csproj", "{3352E64B-4789-46A3-A589-BDA698379164}"
EndProject
Project("{9A19103F-16F7-4668-BE54-9A1E7A4F7556}") = "Microsoft.Unity.Analyzers.Tests", "Microsoft.Unity.Analyzers.Tests\Microsoft.Unity.Analyzers.Tests.csproj", "{253C9CCC-B9BD-4137-AC93-E73EF7E4AAA7}"
EndProject
Project("{9A19103F-16F7-4668-BE54-9A1E7A4F7556}") = "new-analyzer", "new-analyzer\new-analyzer.csproj", "{671EB45F-5783-41EF-831C-25EED97670C0}"
EndProject
Global
	GlobalSection(SolutionConfigurationPlatforms) = preSolution
		Debug|Any CPU = Debug|Any CPU
		Release|Any CPU = Release|Any CPU
	EndGlobalSection
	GlobalSection(ProjectConfigurationPlatforms) = postSolution
		{3352E64B-4789-46A3-A589-BDA698379164}.Debug|Any CPU.ActiveCfg = Debug|Any CPU
		{3352E64B-4789-46A3-A589-BDA698379164}.Debug|Any CPU.Build.0 = Debug|Any CPU
		{3352E64B-4789-46A3-A589-BDA698379164}.Release|Any CPU.ActiveCfg = Release|Any CPU
		{3352E64B-4789-46A3-A589-BDA698379164}.Release|Any CPU.Build.0 = Release|Any CPU
		{253C9CCC-B9BD-4137-AC93-E73EF7E4AAA7}.Debug|Any CPU.ActiveCfg = Debug|Any CPU
		{253C9CCC-B9BD-4137-AC93-E73EF7E4AAA7}.Debug|Any CPU.Build.0 = Debug|Any CPU
		{253C9CCC-B9BD-4137-AC93-E73EF7E4AAA7}.Release|Any CPU.ActiveCfg = Release|Any CPU
		{671EB45F-5783-41EF-831C-25EED97670C0}.Debug|Any CPU.ActiveCfg = Debug|Any CPU
		{671EB45F-5783-41EF-831C-25EED97670C0}.Debug|Any CPU.Build.0 = Debug|Any CPU
		{671EB45F-5783-41EF-831C-25EED97670C0}.Release|Any CPU.ActiveCfg = Release|Any CPU
	EndGlobalSection
	GlobalSection(SolutionProperties) = preSolution
		HideSolutionNode = FALSE
	EndGlobalSection
	GlobalSection(ExtensibilityGlobals) = postSolution
		SolutionGuid = {4BBBDDAA-2E9C-4E6D-8C66-750034A380AE}
	EndGlobalSection
EndGlobal
